
Microsoft Visual Studio Solution File, Format Version 12.00
# Visual Studio Version 16
VisualStudioVersion = 16.0.34407.143
MinimumVisualStudioVersion = 10.0.40219.1
Project("{8BC9CEB8-8B4A-11D0-8D11-00A0C91BC942}") = "数组队列", "数组队列\数组队列.vcxproj", "{467C59FD-FA5B-4BA1-A684-6340C356A08A}"
EndProject
Global
	GlobalSection(SolutionConfigurationPlatforms) = preSolution
		Debug|x64 = Debug|x64
		Debug|x86 = Debug|x86
		Release|x64 = Release|x64
		Release|x86 = Release|x86
	EndGlobalSection
	GlobalSection(ProjectConfigurationPlatforms) = postSolution
		{467C59FD-FA5B-4BA1-A684-6340C356A08A}.Debug|x64.ActiveCfg = Debug|x64
		{467C59FD-FA5B-4BA1-A684-6340C356A08A}.Debug|x64.Build.0 = Debug|x64
		{467C59FD-FA5B-4BA1-A684-6340C356A08A}.Debug|x86.ActiveCfg = Debug|Win32
		{467C59FD-FA5B-4BA1-A684-6340C356A08A}.Debug|x86.Build.0 = Debug|Win32
		{467C59FD-FA5B-4BA1-A684-6340C356A08A}.Release|x64.ActiveCfg = Release|x64
		{467C59FD-FA5B-4BA1-A684-6340C356A08A}.Release|x64.Build.0 = Release|x64
		{467C59FD-FA5B-4BA1-A684-6340C356A08A}.Release|x86.ActiveCfg = Release|Win32
		{467C59FD-FA5B-4BA1-A684-6340C356A08A}.Release|x86.Build.0 = Release|Win32
	EndGlobalSection
	GlobalSection(SolutionProperties) = preSolution
		HideSolutionNode = FALSE
	EndGlobalSection
	GlobalSection(ExtensibilityGlobals) = postSolution
		SolutionGuid = {9DBCEAD3-A4F1-42AF-A26B-008CE5DDAA2A}
	EndGlobalSection
EndGlobal
